<?xml version="1.0" encoding="utf-8"?>
<Project ToolsVersion="4.0" xmlns="http://schemas.microsoft.com/developer/msbuild/2003">
  <ItemGroup>
    <Filter Include="Source Files">
      <UniqueIdentifier>{4FC737F1-C7A5-4376-A066-2A32D752A2FF}</UniqueIdentifier>
      <Extensions>cpp;c;cc;cxx;def;odl;idl;hpj;bat;asm;asmx</Extensions>
    </Filter>
    <Filter Include="Header Files">
      <UniqueIdentifier>{93995380-89BD-4b04-88EB-625FBE52EBFB}</UniqueIdentifier>
      <Extensions>h;hh;hpp;hxx;hm;inl;inc;ipp;xsd</Extensions>
    </Filter>
    <Filter Include="Resource Files">
      <UniqueIdentifier>{67DA6AB6-F800-4c08-8B7A-83BB121AAD01}</UniqueIdentifier>
      <Extensions>rc;ico;cur;bmp;dlg;rc2;rct;bin;rgs;gif;jpg;jpeg;jpe;resx;tiff;tif;png;wav;mfcribbon-ms</Extensions>
    </Filter>
    <Filter Include="Source Files\yaml-cpp">
      <UniqueIdentifier>{bb8d0257-aa6b-4700-bfe1-2dcd606c94e0}</UniqueIdentifier>
    </Filter>
  </ItemGroup>
  <ItemGroup>
    <ClCompile Include="project.cpp">
      <Filter>Source Files</Filter>
    </ClCompile>
    <ClCompile Include="..\native-vm\microvium.c">
      <Filter>Source Files</Filter>
    </ClCompile>
    <ClCompile Include="yaml-cpp\src\binary.cpp">
      <Filter>Source Files\yaml-cpp</Filter>
    </ClCompile>
    <ClCompile Include="yaml-cpp\src\convert.cpp">
      <Filter>Source Files\yaml-cpp</Filter>
    </ClCompile>
    <ClCompile Include="yaml-cpp\src\depthguard.cpp">
      <Filter>Source Files\yaml-cpp</Filter>
    </ClCompile>
    <ClCompile Include="yaml-cpp\src\directives.cpp">
      <Filter>Source Files\yaml-cpp</Filter>
    </ClCompile>
    <ClCompile Include="yaml-cpp\src\emit.cpp">
      <Filter>Source Files\yaml-cpp</Filter>
    </ClCompile>
    <ClCompile Include="yaml-cpp\src\emitfromevents.cpp">
      <Filter>Source Files\yaml-cpp</Filter>
    </ClCompile>
    <ClCompile Include="yaml-cpp\src\emitter.cpp">
      <Filter>Source Files\yaml-cpp</Filter>
    </ClCompile>
    <ClCompile Include="yaml-cpp\src\emitterstate.cpp">
      <Filter>Source Files\yaml-cpp</Filter>
    </ClCompile>
    <ClCompile Include="yaml-cpp\src\emitterutils.cpp">
      <Filter>Source Files\yaml-cpp</Filter>
    </ClCompile>
    <ClCompile Include="yaml-cpp\src\exceptions.cpp">
      <Filter>Source Files\yaml-cpp</Filter>
    </ClCompile>
    <ClCompile Include="yaml-cpp\src\exp.cpp">
      <Filter>Source Files\yaml-cpp</Filter>
    </ClCompile>
    <ClCompile Include="yaml-cpp\src\memory.cpp">
      <Filter>Source Files\yaml-cpp</Filter>
    </ClCompile>
    <ClCompile Include="yaml-cpp\src\node.cpp">
      <Filter>Source Files\yaml-cpp</Filter>
    </ClCompile>
    <ClCompile Include="yaml-cpp\src\node_data.cpp">
      <Filter>Source Files\yaml-cpp</Filter>
    </ClCompile>
    <ClCompile Include="yaml-cpp\src\nodebuilder.cpp">
      <Filter>Source Files\yaml-cpp</Filter>
    </ClCompile>
    <ClCompile Include="yaml-cpp\src\nodeevents.cpp">
      <Filter>Source Files\yaml-cpp</Filter>
    </ClCompile>
    <ClCompile Include="yaml-cpp\src\null.cpp">
      <Filter>Source Files\yaml-cpp</Filter>
    </ClCompile>
    <ClCompile Include="yaml-cpp\src\ostream_wrapper.cpp">
      <Filter>Source Files\yaml-cpp</Filter>
    </ClCompile>
    <ClCompile Include="yaml-cpp\src\parse.cpp">
      <Filter>Source Files\yaml-cpp</Filter>
    </ClCompile>
    <ClCompile Include="yaml-cpp\src\parser.cpp">
      <Filter>Source Files\yaml-cpp</Filter>
    </ClCompile>
    <ClCompile Include="yaml-cpp\src\regex_yaml.cpp">
      <Filter>Source Files\yaml-cpp</Filter>
    </ClCompile>
    <ClCompile Include="yaml-cpp\src\scanner.cpp">
      <Filter>Source Files\yaml-cpp</Filter>
    </ClCompile>
    <ClCompile Include="yaml-cpp\src\scanscalar.cpp">
      <Filter>Source Files\yaml-cpp</Filter>
    </ClCompile>
    <ClCompile Include="yaml-cpp\src\scantag.cpp">
      <Filter>Source Files\yaml-cpp</Filter>
    </ClCompile>
    <ClCompile Include="yaml-cpp\src\scantoken.cpp">
      <Filter>Source Files\yaml-cpp</Filter>
    </ClCompile>
    <ClCompile Include="yaml-cpp\src\simplekey.cpp">
      <Filter>Source Files\yaml-cpp</Filter>
    </ClCompile>
    <ClCompile Include="yaml-cpp\src\singledocparser.cpp">
      <Filter>Source Files\yaml-cpp</Filter>
    </ClCompile>
    <ClCompile Include="yaml-cpp\src\stream.cpp">
      <Filter>Source Files\yaml-cpp</Filter>
    </ClCompile>
    <ClCompile Include="yaml-cpp\src\tag.cpp">
      <Filter>Source Files\yaml-cpp</Filter>
    </ClCompile>
  </ItemGroup>
  <ItemGroup>
    <ClInclude Include="..\native-vm\microvium.h">
      <Filter>Header Files</Filter>
    </ClInclude>
    <ClInclude Include="..\native-vm\microvium_internals.h">
      <Filter>Header Files</Filter>
    </ClInclude>
    <ClInclude Include="yaml-cpp\src\collectionstack.h">
      <Filter>Source Files\yaml-cpp</Filter>
    </ClInclude>
    <ClInclude Include="yaml-cpp\src\directives.h">
      <Filter>Source Files\yaml-cpp</Filter>
    </ClInclude>
    <ClInclude Include="yaml-cpp\src\emitterstate.h">
      <Filter>Source Files\yaml-cpp</Filter>
    </ClInclude>
    <ClInclude Include="yaml-cpp\src\emitterutils.h">
      <Filter>Source Files\yaml-cpp</Filter>
    </ClInclude>
    <ClInclude Include="yaml-cpp\src\exp.h">
      <Filter>Source Files\yaml-cpp</Filter>
    </ClInclude>
    <ClInclude Include="yaml-cpp\src\indentation.h">
      <Filter>Source Files\yaml-cpp</Filter>
    </ClInclude>
    <ClInclude Include="yaml-cpp\src\nodebuilder.h">
      <Filter>Source Files\yaml-cpp</Filter>
    </ClInclude>
    <ClInclude Include="yaml-cpp\src\nodeevents.h">
      <Filter>Source Files\yaml-cpp</Filter>
    </ClInclude>
    <ClInclude Include="yaml-cpp\src\ptr_vector.h">
      <Filter>Source Files\yaml-cpp</Filter>
    </ClInclude>
    <ClInclude Include="yaml-cpp\src\regex_yaml.h">
      <Filter>Source Files\yaml-cpp</Filter>
    </ClInclude>
    <ClInclude Include="yaml-cpp\src\regeximpl.h">
      <Filter>Source Files\yaml-cpp</Filter>
    </ClInclude>
    <ClInclude Include="yaml-cpp\src\scanner.h">
      <Filter>Source Files\yaml-cpp</Filter>
    </ClInclude>
    <ClInclude Include="yaml-cpp\src\scanscalar.h">
      <Filter>Source Files\yaml-cpp</Filter>
    </ClInclude>
    <ClInclude Include="yaml-cpp\src\scantag.h">
      <Filter>Source Files\yaml-cpp</Filter>
    </ClInclude>
    <ClInclude Include="yaml-cpp\src\setting.h">
      <Filter>Source Files\yaml-cpp</Filter>
    </ClInclude>
    <ClInclude Include="yaml-cpp\src\singledocparser.h">
      <Filter>Source Files\yaml-cpp</Filter>
    </ClInclude>
    <ClInclude Include="yaml-cpp\src\stream.h">
      <Filter>Source Files\yaml-cpp</Filter>
    </ClInclude>
    <ClInclude Include="yaml-cpp\src\streamcharsource.h">
      <Filter>Source Files\yaml-cpp</Filter>
    </ClInclude>
    <ClInclude Include="yaml-cpp\src\stringsource.h">
      <Filter>Source Files\yaml-cpp</Filter>
    </ClInclude>
    <ClInclude Include="yaml-cpp\src\tag.h">
      <Filter>Source Files\yaml-cpp</Filter>
    </ClInclude>
    <ClInclude Include="yaml-cpp\src\token.h">
      <Filter>Source Files\yaml-cpp</Filter>
    </ClInclude>
  </ItemGroup>
</Project>