{
    "name": "micro-vm",
    "version": "0.0.1",
    "lockfileVersion": 1,
    "requires": true,
    "dependencies": {
        "@types/node": {
            "version": "7.10.10",
            "resolved": "https://registry.npmjs.org/@types/node/-/node-7.10.10.tgz",
            "integrity": "sha512-gvuWz7pNex4xCFqk/2Z/x1J4AO7kZxgv4iSZH0dwZHYiFuO7rQr06xnBoiarrd8bcOxlqQCFv7MsKcAVq3FFfQ==",
            "dev": true
        },
        "node-addon-api": {
            "version": "1.7.1",
            "resolved": "https://registry.npmjs.org/node-addon-api/-/node-addon-api-1.7.1.tgz",
            "integrity": "sha512-2+DuKodWvwRTrCfKOeR24KIc5unKjOh8mz17NCzVnHWfjAdDqbfbjqh7gUT+BkXBRQM52+xCHciKWonJ3CbJMQ=="
        },
        "typescript": {
            "version": "2.9.2",
            "resolved": "https://registry.npmjs.org/typescript/-/typescript-2.9.2.tgz",
            "integrity": "sha512-Gr4p6nFNaoufRIY4NMdpQRNmgxVIGMs4Fcu/ujdYk3nAZqk7supzBE9idmvfZIlH/Cuj//dvi+019qEue9lV0w==",
            "dev": true
        }
    }
}
